
Microsoft Visual Studio Solution File, Format Version 12.00
# Visual Studio Express 2012 for Windows Desktop
Project("{8BC9CEB8-8B4A-11D0-8D11-00A0C91BC942}") = "Ex10_02", "Ex10_02\Ex10_02.vcxproj", "{14845813-749B-4F9B-B354-AB36243E8838}"
EndProject
Project("{8BC9CEB8-8B4A-11D0-8D11-00A0C91BC942}") = "Ex10_03", "Ex10_03\Ex10_03.vcxproj", "{2D9B84EA-0B6C-41DF-BAC2-E68B62E8D2E3}"
EndProject
Project("{8BC9CEB8-8B4A-11D0-8D11-00A0C91BC942}") = "Ex10_04", "Ex10_04\Ex10_04.vcxproj", "{53F4997C-60B0-433B-AE65-CB73505DD633}"
EndProject
Project("{8BC9CEB8-8B4A-11D0-8D11-00A0C91BC942}") = "Ex10_05", "Ex10_05\Ex10_05.vcxproj", "{D3EFDFBC-9B26-440E-96D4-97CB77C4E4C6}"
EndProject
Project("{8BC9CEB8-8B4A-11D0-8D11-00A0C91BC942}") = "Ex10_06", "Ex10_06\Ex10_06.vcxproj", "{7985C0EE-EED5-42FB-A556-D9CAF5F4C7F3}"
EndProject
Project("{8BC9CEB8-8B4A-11D0-8D11-00A0C91BC942}") = "Ex10_07", "Ex10_07\Ex10_07.vcxproj", "{D4E9C514-3EFF-4EAC-BA63-1467C27EF7C0}"
EndProject
Project("{8BC9CEB8-8B4A-11D0-8D11-00A0C91BC942}") = "Ex10_10", "Ex10_10\Ex10_10.vcxproj", "{3C589FA7-3BE4-4C55-9BBD-414F56B84E97}"
EndProject
Project("{8BC9CEB8-8B4A-11D0-8D11-00A0C91BC942}") = "Ex10_11", "Ex10_11\Ex10_11.vcxproj", "{42987523-ADDF-41B8-A7D8-609D5C77E5E2}"
EndProject
Project("{8BC9CEB8-8B4A-11D0-8D11-00A0C91BC942}") = "Ex10_12", "Ex10_12\Ex10_12.vcxproj", "{69C23FC8-5369-40AA-BE52-A9924C9B4E2C}"
EndProject
Project("{8BC9CEB8-8B4A-11D0-8D11-00A0C91BC942}") = "Ex10_13", "Ex10_13\Ex10_13.vcxproj", "{DC5B5513-BFC2-4ACE-B589-DE49D4767810}"
EndProject
Project("{8BC9CEB8-8B4A-11D0-8D11-00A0C91BC942}") = "Ex10_14", "Ex10_14\Ex10_14.vcxproj", "{EE94B722-8973-48BC-A4FE-7FC52C028BB9}"
EndProject
Project("{8BC9CEB8-8B4A-11D0-8D11-00A0C91BC942}") = "Ex10_15", "Ex10_15\Ex10_15.vcxproj", "{4693C5B4-DF56-45F0-9048-FEFA09C1CE5B}"
EndProject
Global
	GlobalSection(SolutionConfigurationPlatforms) = preSolution
		Debug|Win32 = Debug|Win32
		Release|Win32 = Release|Win32
	EndGlobalSection
	GlobalSection(ProjectConfigurationPlatforms) = postSolution
		{14845813-749B-4F9B-B354-AB36243E8838}.Debug|Win32.ActiveCfg = Debug|Win32
		{14845813-749B-4F9B-B354-AB36243E8838}.Debug|Win32.Build.0 = Debug|Win32
		{14845813-749B-4F9B-B354-AB36243E8838}.Release|Win32.ActiveCfg = Release|Win32
		{14845813-749B-4F9B-B354-AB36243E8838}.Release|Win32.Build.0 = Release|Win32
		{2D9B84EA-0B6C-41DF-BAC2-E68B62E8D2E3}.Debug|Win32.ActiveCfg = Debug|Win32
		{2D9B84EA-0B6C-41DF-BAC2-E68B62E8D2E3}.Debug|Win32.Build.0 = Debug|Win32
		{2D9B84EA-0B6C-41DF-BAC2-E68B62E8D2E3}.Release|Win32.ActiveCfg = Release|Win32
		{2D9B84EA-0B6C-41DF-BAC2-E68B62E8D2E3}.Release|Win32.Build.0 = Release|Win32
		{53F4997C-60B0-433B-AE65-CB73505DD633}.Debug|Win32.ActiveCfg = Debug|Win32
		{53F4997C-60B0-433B-AE65-CB73505DD633}.Debug|Win32.Build.0 = Debug|Win32
		{53F4997C-60B0-433B-AE65-CB73505DD633}.Release|Win32.ActiveCfg = Release|Win32
		{53F4997C-60B0-433B-AE65-CB73505DD633}.Release|Win32.Build.0 = Release|Win32
		{D3EFDFBC-9B26-440E-96D4-97CB77C4E4C6}.Debug|Win32.ActiveCfg = Debug|Win32
		{D3EFDFBC-9B26-440E-96D4-97CB77C4E4C6}.Debug|Win32.Build.0 = Debug|Win32
		{D3EFDFBC-9B26-440E-96D4-97CB77C4E4C6}.Release|Win32.ActiveCfg = Release|Win32
		{D3EFDFBC-9B26-440E-96D4-97CB77C4E4C6}.Release|Win32.Build.0 = Release|Win32
		{7985C0EE-EED5-42FB-A556-D9CAF5F4C7F3}.Debug|Win32.ActiveCfg = Debug|Win32
		{7985C0EE-EED5-42FB-A556-D9CAF5F4C7F3}.Debug|Win32.Build.0 = Debug|Win32
		{7985C0EE-EED5-42FB-A556-D9CAF5F4C7F3}.Release|Win32.ActiveCfg = Release|Win32
		{7985C0EE-EED5-42FB-A556-D9CAF5F4C7F3}.Release|Win32.Build.0 = Release|Win32
		{D4E9C514-3EFF-4EAC-BA63-1467C27EF7C0}.Debug|Win32.ActiveCfg = Debug|Win32
		{D4E9C514-3EFF-4EAC-BA63-1467C27EF7C0}.Debug|Win32.Build.0 = Debug|Win32
		{D4E9C514-3EFF-4EAC-BA63-1467C27EF7C0}.Release|Win32.ActiveCfg = Release|Win32
		{D4E9C514-3EFF-4EAC-BA63-1467C27EF7C0}.Release|Win32.Build.0 = Release|Win32
		{3C589FA7-3BE4-4C55-9BBD-414F56B84E97}.Debug|Win32.ActiveCfg = Debug|Win32
		{3C589FA7-3BE4-4C55-9BBD-414F56B84E97}.Debug|Win32.Build.0 = Debug|Win32
		{3C589FA7-3BE4-4C55-9BBD-414F56B84E97}.Release|Win32.ActiveCfg = Release|Win32
		{3C589FA7-3BE4-4C55-9BBD-414F56B84E97}.Release|Win32.Build.0 = Release|Win32
		{42987523-ADDF-41B8-A7D8-609D5C77E5E2}.Debug|Win32.ActiveCfg = Debug|Win32
		{42987523-ADDF-41B8-A7D8-609D5C77E5E2}.Debug|Win32.Build.0 = Debug|Win32
		{42987523-ADDF-41B8-A7D8-609D5C77E5E2}.Release|Win32.ActiveCfg = Release|Win32
		{42987523-ADDF-41B8-A7D8-609D5C77E5E2}.Release|Win32.Build.0 = Release|Win32
		{69C23FC8-5369-40AA-BE52-A9924C9B4E2C}.Debug|Win32.ActiveCfg = Debug|Win32
		{69C23FC8-5369-40AA-BE52-A9924C9B4E2C}.Debug|Win32.Build.0 = Debug|Win32
		{69C23FC8-5369-40AA-BE52-A9924C9B4E2C}.Release|Win32.ActiveCfg = Release|Win32
		{69C23FC8-5369-40AA-BE52-A9924C9B4E2C}.Release|Win32.Build.0 = Release|Win32
		{DC5B5513-BFC2-4ACE-B589-DE49D4767810}.Debug|Win32.ActiveCfg = Debug|Win32
		{DC5B5513-BFC2-4ACE-B589-DE49D4767810}.Debug|Win32.Build.0 = Debug|Win32
		{DC5B5513-BFC2-4ACE-B589-DE49D4767810}.Release|Win32.ActiveCfg = Release|Win32
		{DC5B5513-BFC2-4ACE-B589-DE49D4767810}.Release|Win32.Build.0 = Release|Win32
		{EE94B722-8973-48BC-A4FE-7FC52C028BB9}.Debug|Win32.ActiveCfg = Debug|Win32
		{EE94B722-8973-48BC-A4FE-7FC52C028BB9}.Debug|Win32.Build.0 = Debug|Win32
		{EE94B722-8973-48BC-A4FE-7FC52C028BB9}.Release|Win32.ActiveCfg = Release|Win32
		{EE94B722-8973-48BC-A4FE-7FC52C028BB9}.Release|Win32.Build.0 = Release|Win32
		{4693C5B4-DF56-45F0-9048-FEFA09C1CE5B}.Debug|Win32.ActiveCfg = Debug|Win32
		{4693C5B4-DF56-45F0-9048-FEFA09C1CE5B}.Debug|Win32.Build.0 = Debug|Win32
		{4693C5B4-DF56-45F0-9048-FEFA09C1CE5B}.Release|Win32.ActiveCfg = Release|Win32
		{4693C5B4-DF56-45F0-9048-FEFA09C1CE5B}.Release|Win32.Build.0 = Release|Win32
	EndGlobalSection
	GlobalSection(SolutionProperties) = preSolution
		HideSolutionNode = FALSE
	EndGlobalSection
EndGlobal
