
Microsoft Visual Studio Solution File, Format Version 12.00
# Visual Studio Express 2012 for Windows Desktop
Project("{8BC9CEB8-8B4A-11D0-8D11-00A0C91BC942}") = "Ex04_01", "Ex04_01\Ex04_01.vcxproj", "{7CC0F7F6-0D5E-4600-A4C5-09F4B720A6DD}"
EndProject
Project("{8BC9CEB8-8B4A-11D0-8D11-00A0C91BC942}") = "Ex04_02", "Ex04_02\Ex04_02.vcxproj", "{B2B1C908-AA30-47B8-AA10-7AB4833CA331}"
EndProject
Project("{8BC9CEB8-8B4A-11D0-8D11-00A0C91BC942}") = "Ex04_03", "Ex04_03\Ex04_03.vcxproj", "{823897A0-BD9D-4B92-B9C8-77111E925933}"
EndProject
Project("{8BC9CEB8-8B4A-11D0-8D11-00A0C91BC942}") = "Ex04_04", "Ex04_04\Ex04_04.vcxproj", "{2F46D999-D4E8-4BA7-849D-19F8E837F21B}"
EndProject
Project("{8BC9CEB8-8B4A-11D0-8D11-00A0C91BC942}") = "Ex04_05", "Ex04_05\Ex04_05.vcxproj", "{E49EE434-41DB-4437-AF5A-C7B6C2CF9CE5}"
EndProject
Project("{8BC9CEB8-8B4A-11D0-8D11-00A0C91BC942}") = "Ex04_06", "Ex04_06\Ex04_06.vcxproj", "{06F774C1-1BA4-4826-BC71-A117376FB489}"
EndProject
Project("{8BC9CEB8-8B4A-11D0-8D11-00A0C91BC942}") = "Ex04_07", "Ex04_07\Ex04_07.vcxproj", "{5F2C534D-E39F-4531-A389-03D44E66BBC6}"
EndProject
Global
	GlobalSection(SolutionConfigurationPlatforms) = preSolution
		Debug|Win32 = Debug|Win32
		Release|Win32 = Release|Win32
	EndGlobalSection
	GlobalSection(ProjectConfigurationPlatforms) = postSolution
		{7CC0F7F6-0D5E-4600-A4C5-09F4B720A6DD}.Debug|Win32.ActiveCfg = Debug|Win32
		{7CC0F7F6-0D5E-4600-A4C5-09F4B720A6DD}.Debug|Win32.Build.0 = Debug|Win32
		{7CC0F7F6-0D5E-4600-A4C5-09F4B720A6DD}.Release|Win32.ActiveCfg = Release|Win32
		{7CC0F7F6-0D5E-4600-A4C5-09F4B720A6DD}.Release|Win32.Build.0 = Release|Win32
		{B2B1C908-AA30-47B8-AA10-7AB4833CA331}.Debug|Win32.ActiveCfg = Debug|Win32
		{B2B1C908-AA30-47B8-AA10-7AB4833CA331}.Debug|Win32.Build.0 = Debug|Win32
		{B2B1C908-AA30-47B8-AA10-7AB4833CA331}.Release|Win32.ActiveCfg = Release|Win32
		{B2B1C908-AA30-47B8-AA10-7AB4833CA331}.Release|Win32.Build.0 = Release|Win32
		{823897A0-BD9D-4B92-B9C8-77111E925933}.Debug|Win32.ActiveCfg = Debug|Win32
		{823897A0-BD9D-4B92-B9C8-77111E925933}.Debug|Win32.Build.0 = Debug|Win32
		{823897A0-BD9D-4B92-B9C8-77111E925933}.Release|Win32.ActiveCfg = Release|Win32
		{823897A0-BD9D-4B92-B9C8-77111E925933}.Release|Win32.Build.0 = Release|Win32
		{2F46D999-D4E8-4BA7-849D-19F8E837F21B}.Debug|Win32.ActiveCfg = Debug|Win32
		{2F46D999-D4E8-4BA7-849D-19F8E837F21B}.Debug|Win32.Build.0 = Debug|Win32
		{2F46D999-D4E8-4BA7-849D-19F8E837F21B}.Release|Win32.ActiveCfg = Release|Win32
		{2F46D999-D4E8-4BA7-849D-19F8E837F21B}.Release|Win32.Build.0 = Release|Win32
		{E49EE434-41DB-4437-AF5A-C7B6C2CF9CE5}.Debug|Win32.ActiveCfg = Debug|Win32
		{E49EE434-41DB-4437-AF5A-C7B6C2CF9CE5}.Debug|Win32.Build.0 = Debug|Win32
		{E49EE434-41DB-4437-AF5A-C7B6C2CF9CE5}.Release|Win32.ActiveCfg = Release|Win32
		{E49EE434-41DB-4437-AF5A-C7B6C2CF9CE5}.Release|Win32.Build.0 = Release|Win32
		{06F774C1-1BA4-4826-BC71-A117376FB489}.Debug|Win32.ActiveCfg = Debug|Win32
		{06F774C1-1BA4-4826-BC71-A117376FB489}.Debug|Win32.Build.0 = Debug|Win32
		{06F774C1-1BA4-4826-BC71-A117376FB489}.Release|Win32.ActiveCfg = Release|Win32
		{06F774C1-1BA4-4826-BC71-A117376FB489}.Release|Win32.Build.0 = Release|Win32
		{5F2C534D-E39F-4531-A389-03D44E66BBC6}.Debug|Win32.ActiveCfg = Debug|Win32
		{5F2C534D-E39F-4531-A389-03D44E66BBC6}.Debug|Win32.Build.0 = Debug|Win32
		{5F2C534D-E39F-4531-A389-03D44E66BBC6}.Release|Win32.ActiveCfg = Release|Win32
		{5F2C534D-E39F-4531-A389-03D44E66BBC6}.Release|Win32.Build.0 = Release|Win32
	EndGlobalSection
	GlobalSection(SolutionProperties) = preSolution
		HideSolutionNode = FALSE
	EndGlobalSection
EndGlobal
