
Microsoft Visual Studio Solution File, Format Version 12.00
# Visual Studio Express 2012 for Windows Desktop
Project("{8BC9CEB8-8B4A-11D0-8D11-00A0C91BC942}") = "Ex05_01", "Ex05_01\Ex05_01.vcxproj", "{1C29DB75-2B2C-4414-AAD5-0DD8502B5663}"
EndProject
Project("{8BC9CEB8-8B4A-11D0-8D11-00A0C91BC942}") = "Ex05_02", "Ex05_02\Ex05_02.vcxproj", "{4DAF5F06-5E84-42B7-97A3-442C9A48434C}"
EndProject
Project("{8BC9CEB8-8B4A-11D0-8D11-00A0C91BC942}") = "Ex05_03", "Ex05_03\Ex05_03.vcxproj", "{490D8E0B-FA7C-44E4-9931-CAF39818F2D1}"
EndProject
Project("{8BC9CEB8-8B4A-11D0-8D11-00A0C91BC942}") = "Ex05_04", "Ex05_04\Ex05_04.vcxproj", "{98C9EB0D-5C7E-44EC-B139-00E98CE81A3F}"
EndProject
Project("{8BC9CEB8-8B4A-11D0-8D11-00A0C91BC942}") = "Ex05_05", "Ex05_05\Ex05_05.vcxproj", "{D08C105E-A395-4670-88F8-52132D4E9AF7}"
EndProject
Project("{8BC9CEB8-8B4A-11D0-8D11-00A0C91BC942}") = "Ex05_06", "Ex05_06\Ex05_06.vcxproj", "{70A5B23E-C08C-4F0E-8942-23336F58BF98}"
EndProject
Project("{8BC9CEB8-8B4A-11D0-8D11-00A0C91BC942}") = "Ex05_07", "Ex05_07\Ex05_07.vcxproj", "{158CEF32-9641-4E78-A6A9-7AE8AD85876C}"
EndProject
Project("{8BC9CEB8-8B4A-11D0-8D11-00A0C91BC942}") = "Ex05_09", "Ex05_09\Ex05_09.vcxproj", "{C2F987F2-A686-406F-B8A7-A3155420E044}"
EndProject
Global
	GlobalSection(SolutionConfigurationPlatforms) = preSolution
		Debug|Win32 = Debug|Win32
		Release|Win32 = Release|Win32
	EndGlobalSection
	GlobalSection(ProjectConfigurationPlatforms) = postSolution
		{1C29DB75-2B2C-4414-AAD5-0DD8502B5663}.Debug|Win32.ActiveCfg = Debug|Win32
		{1C29DB75-2B2C-4414-AAD5-0DD8502B5663}.Debug|Win32.Build.0 = Debug|Win32
		{1C29DB75-2B2C-4414-AAD5-0DD8502B5663}.Release|Win32.ActiveCfg = Release|Win32
		{1C29DB75-2B2C-4414-AAD5-0DD8502B5663}.Release|Win32.Build.0 = Release|Win32
		{4DAF5F06-5E84-42B7-97A3-442C9A48434C}.Debug|Win32.ActiveCfg = Debug|Win32
		{4DAF5F06-5E84-42B7-97A3-442C9A48434C}.Debug|Win32.Build.0 = Debug|Win32
		{4DAF5F06-5E84-42B7-97A3-442C9A48434C}.Release|Win32.ActiveCfg = Release|Win32
		{4DAF5F06-5E84-42B7-97A3-442C9A48434C}.Release|Win32.Build.0 = Release|Win32
		{490D8E0B-FA7C-44E4-9931-CAF39818F2D1}.Debug|Win32.ActiveCfg = Debug|Win32
		{490D8E0B-FA7C-44E4-9931-CAF39818F2D1}.Debug|Win32.Build.0 = Debug|Win32
		{490D8E0B-FA7C-44E4-9931-CAF39818F2D1}.Release|Win32.ActiveCfg = Release|Win32
		{490D8E0B-FA7C-44E4-9931-CAF39818F2D1}.Release|Win32.Build.0 = Release|Win32
		{98C9EB0D-5C7E-44EC-B139-00E98CE81A3F}.Debug|Win32.ActiveCfg = Debug|Win32
		{98C9EB0D-5C7E-44EC-B139-00E98CE81A3F}.Debug|Win32.Build.0 = Debug|Win32
		{98C9EB0D-5C7E-44EC-B139-00E98CE81A3F}.Release|Win32.ActiveCfg = Release|Win32
		{98C9EB0D-5C7E-44EC-B139-00E98CE81A3F}.Release|Win32.Build.0 = Release|Win32
		{D08C105E-A395-4670-88F8-52132D4E9AF7}.Debug|Win32.ActiveCfg = Debug|Win32
		{D08C105E-A395-4670-88F8-52132D4E9AF7}.Debug|Win32.Build.0 = Debug|Win32
		{D08C105E-A395-4670-88F8-52132D4E9AF7}.Release|Win32.ActiveCfg = Release|Win32
		{D08C105E-A395-4670-88F8-52132D4E9AF7}.Release|Win32.Build.0 = Release|Win32
		{70A5B23E-C08C-4F0E-8942-23336F58BF98}.Debug|Win32.ActiveCfg = Debug|Win32
		{70A5B23E-C08C-4F0E-8942-23336F58BF98}.Debug|Win32.Build.0 = Debug|Win32
		{70A5B23E-C08C-4F0E-8942-23336F58BF98}.Release|Win32.ActiveCfg = Release|Win32
		{70A5B23E-C08C-4F0E-8942-23336F58BF98}.Release|Win32.Build.0 = Release|Win32
		{158CEF32-9641-4E78-A6A9-7AE8AD85876C}.Debug|Win32.ActiveCfg = Debug|Win32
		{158CEF32-9641-4E78-A6A9-7AE8AD85876C}.Debug|Win32.Build.0 = Debug|Win32
		{158CEF32-9641-4E78-A6A9-7AE8AD85876C}.Release|Win32.ActiveCfg = Release|Win32
		{158CEF32-9641-4E78-A6A9-7AE8AD85876C}.Release|Win32.Build.0 = Release|Win32
		{C2F987F2-A686-406F-B8A7-A3155420E044}.Debug|Win32.ActiveCfg = Debug|Win32
		{C2F987F2-A686-406F-B8A7-A3155420E044}.Debug|Win32.Build.0 = Debug|Win32
		{C2F987F2-A686-406F-B8A7-A3155420E044}.Release|Win32.ActiveCfg = Release|Win32
		{C2F987F2-A686-406F-B8A7-A3155420E044}.Release|Win32.Build.0 = Release|Win32
	EndGlobalSection
	GlobalSection(SolutionProperties) = preSolution
		HideSolutionNode = FALSE
	EndGlobalSection
EndGlobal
