
Microsoft Visual Studio Solution File, Format Version 12.00
# Visual Studio Express 2012 for Windows Desktop
Project("{8BC9CEB8-8B4A-11D0-8D11-00A0C91BC942}") = "Ex18_03", "Ex18_03\Ex18_03.vcxproj", "{6861531A-71B8-4189-8E37-AB868D07877F}"
EndProject
Project("{8BC9CEB8-8B4A-11D0-8D11-00A0C91BC942}") = "Ex18_04", "Ex18_04\Ex18_04.vcxproj", "{7F2C9DFC-5399-4B78-82E1-A659D0E4D485}"
EndProject
Project("{8BC9CEB8-8B4A-11D0-8D11-00A0C91BC942}") = "Ex18_05R", "Ex18_05\Ex18_05R.vcxproj", "{FCCC7932-3CA2-4024-BF2B-52FCA0C2A7D4}"
EndProject
Project("{8BC9CEB8-8B4A-11D0-8D11-00A0C91BC942}") = "Ex18_05W", "Ex18_05\Ex18_05W.vcxproj", "{84028E80-6071-4742-B8EA-505C6DCFA134}"
EndProject
Project("{8BC9CEB8-8B4A-11D0-8D11-00A0C91BC942}") = "Ex18_06", "Ex18_06\Ex18_06.vcxproj", "{743DF956-3E54-4210-8792-0E64EAC8E488}"
EndProject
Project("{8BC9CEB8-8B4A-11D0-8D11-00A0C91BC942}") = "Ex18_07_08", "Ex18_07_08\Ex18_07_08.vcxproj", "{C30DB9BF-E715-4741-916A-82E3AC995F26}"
EndProject
Project("{8BC9CEB8-8B4A-11D0-8D11-00A0C91BC942}") = "Ex18_09", "Ex18_09\Ex18_09.vcxproj", "{1BF21F46-F2BC-48A5-9AF1-990C88328C6D}"
EndProject
Project("{8BC9CEB8-8B4A-11D0-8D11-00A0C91BC942}") = "Ex18_10", "Ex18_10\Ex18_10.vcxproj", "{10FCF19A-60B2-42F3-9D55-4413CB7BB89A}"
EndProject
Global
	GlobalSection(SolutionConfigurationPlatforms) = preSolution
		Debug|Win32 = Debug|Win32
		Release|Win32 = Release|Win32
	EndGlobalSection
	GlobalSection(ProjectConfigurationPlatforms) = postSolution
		{6861531A-71B8-4189-8E37-AB868D07877F}.Debug|Win32.ActiveCfg = Debug|Win32
		{6861531A-71B8-4189-8E37-AB868D07877F}.Debug|Win32.Build.0 = Debug|Win32
		{6861531A-71B8-4189-8E37-AB868D07877F}.Release|Win32.ActiveCfg = Release|Win32
		{6861531A-71B8-4189-8E37-AB868D07877F}.Release|Win32.Build.0 = Release|Win32
		{7F2C9DFC-5399-4B78-82E1-A659D0E4D485}.Debug|Win32.ActiveCfg = Debug|Win32
		{7F2C9DFC-5399-4B78-82E1-A659D0E4D485}.Debug|Win32.Build.0 = Debug|Win32
		{7F2C9DFC-5399-4B78-82E1-A659D0E4D485}.Release|Win32.ActiveCfg = Release|Win32
		{7F2C9DFC-5399-4B78-82E1-A659D0E4D485}.Release|Win32.Build.0 = Release|Win32
		{FCCC7932-3CA2-4024-BF2B-52FCA0C2A7D4}.Debug|Win32.ActiveCfg = Debug|Win32
		{FCCC7932-3CA2-4024-BF2B-52FCA0C2A7D4}.Debug|Win32.Build.0 = Debug|Win32
		{FCCC7932-3CA2-4024-BF2B-52FCA0C2A7D4}.Release|Win32.ActiveCfg = Release|Win32
		{FCCC7932-3CA2-4024-BF2B-52FCA0C2A7D4}.Release|Win32.Build.0 = Release|Win32
		{84028E80-6071-4742-B8EA-505C6DCFA134}.Debug|Win32.ActiveCfg = Debug|Win32
		{84028E80-6071-4742-B8EA-505C6DCFA134}.Debug|Win32.Build.0 = Debug|Win32
		{84028E80-6071-4742-B8EA-505C6DCFA134}.Release|Win32.ActiveCfg = Release|Win32
		{84028E80-6071-4742-B8EA-505C6DCFA134}.Release|Win32.Build.0 = Release|Win32
		{743DF956-3E54-4210-8792-0E64EAC8E488}.Debug|Win32.ActiveCfg = Debug|Win32
		{743DF956-3E54-4210-8792-0E64EAC8E488}.Debug|Win32.Build.0 = Debug|Win32
		{743DF956-3E54-4210-8792-0E64EAC8E488}.Release|Win32.ActiveCfg = Release|Win32
		{743DF956-3E54-4210-8792-0E64EAC8E488}.Release|Win32.Build.0 = Release|Win32
		{C30DB9BF-E715-4741-916A-82E3AC995F26}.Debug|Win32.ActiveCfg = Debug|Win32
		{C30DB9BF-E715-4741-916A-82E3AC995F26}.Debug|Win32.Build.0 = Debug|Win32
		{C30DB9BF-E715-4741-916A-82E3AC995F26}.Release|Win32.ActiveCfg = Release|Win32
		{C30DB9BF-E715-4741-916A-82E3AC995F26}.Release|Win32.Build.0 = Release|Win32
		{1BF21F46-F2BC-48A5-9AF1-990C88328C6D}.Debug|Win32.ActiveCfg = Debug|Win32
		{1BF21F46-F2BC-48A5-9AF1-990C88328C6D}.Debug|Win32.Build.0 = Debug|Win32
		{1BF21F46-F2BC-48A5-9AF1-990C88328C6D}.Release|Win32.ActiveCfg = Release|Win32
		{1BF21F46-F2BC-48A5-9AF1-990C88328C6D}.Release|Win32.Build.0 = Release|Win32
		{10FCF19A-60B2-42F3-9D55-4413CB7BB89A}.Debug|Win32.ActiveCfg = Debug|Win32
		{10FCF19A-60B2-42F3-9D55-4413CB7BB89A}.Debug|Win32.Build.0 = Debug|Win32
		{10FCF19A-60B2-42F3-9D55-4413CB7BB89A}.Release|Win32.ActiveCfg = Release|Win32
		{10FCF19A-60B2-42F3-9D55-4413CB7BB89A}.Release|Win32.Build.0 = Release|Win32
	EndGlobalSection
	GlobalSection(SolutionProperties) = preSolution
		HideSolutionNode = FALSE
	EndGlobalSection
EndGlobal
