
Microsoft Visual Studio Solution File, Format Version 12.00
# Visual Studio Express 2012 for Windows Desktop
Project("{8BC9CEB8-8B4A-11D0-8D11-00A0C91BC942}") = "Ex22_03_04", "Ex22_03_04\Ex22_03_04.vcxproj", "{8F1B4F61-E7DA-4723-B3C1-BAED0B1BC478}"
EndProject
Project("{8BC9CEB8-8B4A-11D0-8D11-00A0C91BC942}") = "Ex22_05", "Ex22_05\Ex22_05.vcxproj", "{281FAFDA-74D3-46CB-8406-72EC22BE28A5}"
EndProject
Project("{8BC9CEB8-8B4A-11D0-8D11-00A0C91BC942}") = "Ex22_06", "Ex22_06\Ex22_06.vcxproj", "{18603A35-CE87-45CD-991F-29566ED77AF0}"
EndProject
Project("{8BC9CEB8-8B4A-11D0-8D11-00A0C91BC942}") = "Ex22_07", "Ex22_07\Ex22_07.vcxproj", "{D4D1D331-5242-4CD7-BFB9-94A4C85F018A}"
EndProject
Project("{8BC9CEB8-8B4A-11D0-8D11-00A0C91BC942}") = "Ex22_08", "Ex22_08\Ex22_08.vcxproj", "{7C0E1792-9D20-4F9C-9AC8-13AD53ED1326}"
EndProject
Project("{8BC9CEB8-8B4A-11D0-8D11-00A0C91BC942}") = "Ex22_09", "Ex22_09\Ex22_09.vcxproj", "{5E4F3EEA-FA0A-47C1-964E-E121410CB13F}"
EndProject
Project("{8BC9CEB8-8B4A-11D0-8D11-00A0C91BC942}") = "Ex22_10", "Ex22_10\Ex22_10.vcxproj", "{089C36B4-4BC7-4ABA-8B06-08EF7EBEA7D6}"
EndProject
Project("{8BC9CEB8-8B4A-11D0-8D11-00A0C91BC942}") = "Ex22_11_12", "Ex22_11_12\Ex22_11_12.vcxproj", "{47DB0786-2E15-41FA-A05B-56D534AA8B9D}"
EndProject
Global
	GlobalSection(SolutionConfigurationPlatforms) = preSolution
		Debug|Win32 = Debug|Win32
		Release|Win32 = Release|Win32
	EndGlobalSection
	GlobalSection(ProjectConfigurationPlatforms) = postSolution
		{8F1B4F61-E7DA-4723-B3C1-BAED0B1BC478}.Debug|Win32.ActiveCfg = Debug|Win32
		{8F1B4F61-E7DA-4723-B3C1-BAED0B1BC478}.Debug|Win32.Build.0 = Debug|Win32
		{8F1B4F61-E7DA-4723-B3C1-BAED0B1BC478}.Release|Win32.ActiveCfg = Release|Win32
		{8F1B4F61-E7DA-4723-B3C1-BAED0B1BC478}.Release|Win32.Build.0 = Release|Win32
		{281FAFDA-74D3-46CB-8406-72EC22BE28A5}.Debug|Win32.ActiveCfg = Debug|Win32
		{281FAFDA-74D3-46CB-8406-72EC22BE28A5}.Debug|Win32.Build.0 = Debug|Win32
		{281FAFDA-74D3-46CB-8406-72EC22BE28A5}.Release|Win32.ActiveCfg = Release|Win32
		{281FAFDA-74D3-46CB-8406-72EC22BE28A5}.Release|Win32.Build.0 = Release|Win32
		{18603A35-CE87-45CD-991F-29566ED77AF0}.Debug|Win32.ActiveCfg = Debug|Win32
		{18603A35-CE87-45CD-991F-29566ED77AF0}.Debug|Win32.Build.0 = Debug|Win32
		{18603A35-CE87-45CD-991F-29566ED77AF0}.Release|Win32.ActiveCfg = Release|Win32
		{18603A35-CE87-45CD-991F-29566ED77AF0}.Release|Win32.Build.0 = Release|Win32
		{D4D1D331-5242-4CD7-BFB9-94A4C85F018A}.Debug|Win32.ActiveCfg = Debug|Win32
		{D4D1D331-5242-4CD7-BFB9-94A4C85F018A}.Debug|Win32.Build.0 = Debug|Win32
		{D4D1D331-5242-4CD7-BFB9-94A4C85F018A}.Release|Win32.ActiveCfg = Release|Win32
		{D4D1D331-5242-4CD7-BFB9-94A4C85F018A}.Release|Win32.Build.0 = Release|Win32
		{7C0E1792-9D20-4F9C-9AC8-13AD53ED1326}.Debug|Win32.ActiveCfg = Debug|Win32
		{7C0E1792-9D20-4F9C-9AC8-13AD53ED1326}.Debug|Win32.Build.0 = Debug|Win32
		{7C0E1792-9D20-4F9C-9AC8-13AD53ED1326}.Release|Win32.ActiveCfg = Release|Win32
		{7C0E1792-9D20-4F9C-9AC8-13AD53ED1326}.Release|Win32.Build.0 = Release|Win32
		{5E4F3EEA-FA0A-47C1-964E-E121410CB13F}.Debug|Win32.ActiveCfg = Debug|Win32
		{5E4F3EEA-FA0A-47C1-964E-E121410CB13F}.Debug|Win32.Build.0 = Debug|Win32
		{5E4F3EEA-FA0A-47C1-964E-E121410CB13F}.Release|Win32.ActiveCfg = Release|Win32
		{5E4F3EEA-FA0A-47C1-964E-E121410CB13F}.Release|Win32.Build.0 = Release|Win32
		{089C36B4-4BC7-4ABA-8B06-08EF7EBEA7D6}.Debug|Win32.ActiveCfg = Debug|Win32
		{089C36B4-4BC7-4ABA-8B06-08EF7EBEA7D6}.Debug|Win32.Build.0 = Debug|Win32
		{089C36B4-4BC7-4ABA-8B06-08EF7EBEA7D6}.Release|Win32.ActiveCfg = Release|Win32
		{089C36B4-4BC7-4ABA-8B06-08EF7EBEA7D6}.Release|Win32.Build.0 = Release|Win32
		{47DB0786-2E15-41FA-A05B-56D534AA8B9D}.Debug|Win32.ActiveCfg = Debug|Win32
		{47DB0786-2E15-41FA-A05B-56D534AA8B9D}.Debug|Win32.Build.0 = Debug|Win32
		{47DB0786-2E15-41FA-A05B-56D534AA8B9D}.Release|Win32.ActiveCfg = Release|Win32
		{47DB0786-2E15-41FA-A05B-56D534AA8B9D}.Release|Win32.Build.0 = Release|Win32
	EndGlobalSection
	GlobalSection(SolutionProperties) = preSolution
		HideSolutionNode = FALSE
	EndGlobalSection
EndGlobal
