
Microsoft Visual Studio Solution File, Format Version 12.00
# Visual Studio Express 2012 for Windows Desktop
Project("{8BC9CEB8-8B4A-11D0-8D11-00A0C91BC942}") = "Ex17_02", "Ex17_02\Ex17_02.vcxproj", "{FBBF02CF-DC4C-4C9C-8EAD-2748CD96BEC7}"
EndProject
Project("{8BC9CEB8-8B4A-11D0-8D11-00A0C91BC942}") = "Ex17_03", "Ex17_03\Ex17_03.vcxproj", "{E21FE077-FB33-45A7-BC39-E1473B12A4AC}"
EndProject
Project("{8BC9CEB8-8B4A-11D0-8D11-00A0C91BC942}") = "Ex17_05", "Ex17_05\Ex17_05.vcxproj", "{9BBFA272-864B-4091-BCFA-FED4D917B9F8}"
EndProject
Project("{8BC9CEB8-8B4A-11D0-8D11-00A0C91BC942}") = "Ex17_06", "Ex17_06\Ex17_06.vcxproj", "{7E7EC229-049A-4799-90C9-C96CD27DB512}"
EndProject
Project("{8BC9CEB8-8B4A-11D0-8D11-00A0C91BC942}") = "Ex17_07", "Ex17_07\Ex17_07.vcxproj", "{625C1717-C11E-48C7-B2B7-8D716EA7A120}"
EndProject
Project("{8BC9CEB8-8B4A-11D0-8D11-00A0C91BC942}") = "Ex17_08", "Ex17_08\Ex17_08.vcxproj", "{B76EE3C0-0855-4519-906E-6CBD18682A54}"
EndProject
Project("{8BC9CEB8-8B4A-11D0-8D11-00A0C91BC942}") = "Ex17_09", "Ex17_09\Ex17_09.vcxproj", "{C5885931-194F-4707-9896-4D58B417D49C}"
EndProject
Project("{8BC9CEB8-8B4A-11D0-8D11-00A0C91BC942}") = "Ex17_10", "Ex17_10\Ex17_10.vcxproj", "{611D2088-EC96-44F0-B796-B561A34EE8B8}"
EndProject
Global
	GlobalSection(SolutionConfigurationPlatforms) = preSolution
		Debug|Win32 = Debug|Win32
		Release|Win32 = Release|Win32
	EndGlobalSection
	GlobalSection(ProjectConfigurationPlatforms) = postSolution
		{FBBF02CF-DC4C-4C9C-8EAD-2748CD96BEC7}.Debug|Win32.ActiveCfg = Debug|Win32
		{FBBF02CF-DC4C-4C9C-8EAD-2748CD96BEC7}.Debug|Win32.Build.0 = Debug|Win32
		{FBBF02CF-DC4C-4C9C-8EAD-2748CD96BEC7}.Release|Win32.ActiveCfg = Release|Win32
		{FBBF02CF-DC4C-4C9C-8EAD-2748CD96BEC7}.Release|Win32.Build.0 = Release|Win32
		{E21FE077-FB33-45A7-BC39-E1473B12A4AC}.Debug|Win32.ActiveCfg = Debug|Win32
		{E21FE077-FB33-45A7-BC39-E1473B12A4AC}.Debug|Win32.Build.0 = Debug|Win32
		{E21FE077-FB33-45A7-BC39-E1473B12A4AC}.Release|Win32.ActiveCfg = Release|Win32
		{E21FE077-FB33-45A7-BC39-E1473B12A4AC}.Release|Win32.Build.0 = Release|Win32
		{9BBFA272-864B-4091-BCFA-FED4D917B9F8}.Debug|Win32.ActiveCfg = Debug|Win32
		{9BBFA272-864B-4091-BCFA-FED4D917B9F8}.Debug|Win32.Build.0 = Debug|Win32
		{9BBFA272-864B-4091-BCFA-FED4D917B9F8}.Release|Win32.ActiveCfg = Release|Win32
		{9BBFA272-864B-4091-BCFA-FED4D917B9F8}.Release|Win32.Build.0 = Release|Win32
		{7E7EC229-049A-4799-90C9-C96CD27DB512}.Debug|Win32.ActiveCfg = Debug|Win32
		{7E7EC229-049A-4799-90C9-C96CD27DB512}.Debug|Win32.Build.0 = Debug|Win32
		{7E7EC229-049A-4799-90C9-C96CD27DB512}.Release|Win32.ActiveCfg = Release|Win32
		{7E7EC229-049A-4799-90C9-C96CD27DB512}.Release|Win32.Build.0 = Release|Win32
		{625C1717-C11E-48C7-B2B7-8D716EA7A120}.Debug|Win32.ActiveCfg = Debug|Win32
		{625C1717-C11E-48C7-B2B7-8D716EA7A120}.Debug|Win32.Build.0 = Debug|Win32
		{625C1717-C11E-48C7-B2B7-8D716EA7A120}.Release|Win32.ActiveCfg = Release|Win32
		{625C1717-C11E-48C7-B2B7-8D716EA7A120}.Release|Win32.Build.0 = Release|Win32
		{B76EE3C0-0855-4519-906E-6CBD18682A54}.Debug|Win32.ActiveCfg = Debug|Win32
		{B76EE3C0-0855-4519-906E-6CBD18682A54}.Debug|Win32.Build.0 = Debug|Win32
		{B76EE3C0-0855-4519-906E-6CBD18682A54}.Release|Win32.ActiveCfg = Release|Win32
		{B76EE3C0-0855-4519-906E-6CBD18682A54}.Release|Win32.Build.0 = Release|Win32
		{C5885931-194F-4707-9896-4D58B417D49C}.Debug|Win32.ActiveCfg = Debug|Win32
		{C5885931-194F-4707-9896-4D58B417D49C}.Debug|Win32.Build.0 = Debug|Win32
		{C5885931-194F-4707-9896-4D58B417D49C}.Release|Win32.ActiveCfg = Release|Win32
		{C5885931-194F-4707-9896-4D58B417D49C}.Release|Win32.Build.0 = Release|Win32
		{611D2088-EC96-44F0-B796-B561A34EE8B8}.Debug|Win32.ActiveCfg = Debug|Win32
		{611D2088-EC96-44F0-B796-B561A34EE8B8}.Debug|Win32.Build.0 = Debug|Win32
		{611D2088-EC96-44F0-B796-B561A34EE8B8}.Release|Win32.ActiveCfg = Release|Win32
		{611D2088-EC96-44F0-B796-B561A34EE8B8}.Release|Win32.Build.0 = Release|Win32
	EndGlobalSection
	GlobalSection(SolutionProperties) = preSolution
		HideSolutionNode = FALSE
	EndGlobalSection
EndGlobal
