
Microsoft Visual Studio Solution File, Format Version 12.00
# Visual Studio Express 2012 for Windows Desktop
Project("{8BC9CEB8-8B4A-11D0-8D11-00A0C91BC942}") = "Ex09_03", "Ex09_03\Ex09_03.vcxproj", "{5C7B6787-9E10-4D6D-B47C-1A883695001A}"
EndProject
Project("{8BC9CEB8-8B4A-11D0-8D11-00A0C91BC942}") = "Ex09_04", "Ex09_04\Ex09_04.vcxproj", "{4CD81F02-B543-49DD-9FA1-573336D5FFE2}"
EndProject
Project("{8BC9CEB8-8B4A-11D0-8D11-00A0C91BC942}") = "Ex09_05", "Ex09_05\Ex09_05.vcxproj", "{CD24A6A0-012E-4710-9AD6-5A7EE775FC9F}"
EndProject
Project("{8BC9CEB8-8B4A-11D0-8D11-00A0C91BC942}") = "Ex09_06", "Ex09_06\Ex09_06.vcxproj", "{33545F7E-2130-483F-9EC0-C7DB3D270104}"
EndProject
Project("{8BC9CEB8-8B4A-11D0-8D11-00A0C91BC942}") = "Ex09_07", "Ex09_07\Ex09_07.vcxproj", "{DF5B441F-827F-4B2A-AF5C-9205719C2EF7}"
EndProject
Project("{8BC9CEB8-8B4A-11D0-8D11-00A0C91BC942}") = "Ex09_08", "Ex09_08\Ex09_08.vcxproj", "{AD48EBFE-507E-461E-88C6-62AA040F978B}"
EndProject
Project("{8BC9CEB8-8B4A-11D0-8D11-00A0C91BC942}") = "Ex09_09", "Ex09_09\Ex09_09.vcxproj", "{70CC2DA3-7642-42B0-99B3-968CA6CBA35C}"
EndProject
Project("{8BC9CEB8-8B4A-11D0-8D11-00A0C91BC942}") = "Ex09_10", "Ex09_10\Ex09_10.vcxproj", "{382A0042-267A-48A6-A7EF-8A745C7FA77F}"
EndProject
Global
	GlobalSection(SolutionConfigurationPlatforms) = preSolution
		Debug|Win32 = Debug|Win32
		Release|Win32 = Release|Win32
	EndGlobalSection
	GlobalSection(ProjectConfigurationPlatforms) = postSolution
		{5C7B6787-9E10-4D6D-B47C-1A883695001A}.Debug|Win32.ActiveCfg = Debug|Win32
		{5C7B6787-9E10-4D6D-B47C-1A883695001A}.Debug|Win32.Build.0 = Debug|Win32
		{5C7B6787-9E10-4D6D-B47C-1A883695001A}.Release|Win32.ActiveCfg = Release|Win32
		{5C7B6787-9E10-4D6D-B47C-1A883695001A}.Release|Win32.Build.0 = Release|Win32
		{4CD81F02-B543-49DD-9FA1-573336D5FFE2}.Debug|Win32.ActiveCfg = Debug|Win32
		{4CD81F02-B543-49DD-9FA1-573336D5FFE2}.Debug|Win32.Build.0 = Debug|Win32
		{4CD81F02-B543-49DD-9FA1-573336D5FFE2}.Release|Win32.ActiveCfg = Release|Win32
		{4CD81F02-B543-49DD-9FA1-573336D5FFE2}.Release|Win32.Build.0 = Release|Win32
		{CD24A6A0-012E-4710-9AD6-5A7EE775FC9F}.Debug|Win32.ActiveCfg = Debug|Win32
		{CD24A6A0-012E-4710-9AD6-5A7EE775FC9F}.Debug|Win32.Build.0 = Debug|Win32
		{CD24A6A0-012E-4710-9AD6-5A7EE775FC9F}.Release|Win32.ActiveCfg = Release|Win32
		{CD24A6A0-012E-4710-9AD6-5A7EE775FC9F}.Release|Win32.Build.0 = Release|Win32
		{33545F7E-2130-483F-9EC0-C7DB3D270104}.Debug|Win32.ActiveCfg = Debug|Win32
		{33545F7E-2130-483F-9EC0-C7DB3D270104}.Debug|Win32.Build.0 = Debug|Win32
		{33545F7E-2130-483F-9EC0-C7DB3D270104}.Release|Win32.ActiveCfg = Release|Win32
		{33545F7E-2130-483F-9EC0-C7DB3D270104}.Release|Win32.Build.0 = Release|Win32
		{DF5B441F-827F-4B2A-AF5C-9205719C2EF7}.Debug|Win32.ActiveCfg = Debug|Win32
		{DF5B441F-827F-4B2A-AF5C-9205719C2EF7}.Debug|Win32.Build.0 = Debug|Win32
		{DF5B441F-827F-4B2A-AF5C-9205719C2EF7}.Release|Win32.ActiveCfg = Release|Win32
		{DF5B441F-827F-4B2A-AF5C-9205719C2EF7}.Release|Win32.Build.0 = Release|Win32
		{AD48EBFE-507E-461E-88C6-62AA040F978B}.Debug|Win32.ActiveCfg = Debug|Win32
		{AD48EBFE-507E-461E-88C6-62AA040F978B}.Debug|Win32.Build.0 = Debug|Win32
		{AD48EBFE-507E-461E-88C6-62AA040F978B}.Release|Win32.ActiveCfg = Release|Win32
		{AD48EBFE-507E-461E-88C6-62AA040F978B}.Release|Win32.Build.0 = Release|Win32
		{70CC2DA3-7642-42B0-99B3-968CA6CBA35C}.Debug|Win32.ActiveCfg = Debug|Win32
		{70CC2DA3-7642-42B0-99B3-968CA6CBA35C}.Debug|Win32.Build.0 = Debug|Win32
		{70CC2DA3-7642-42B0-99B3-968CA6CBA35C}.Release|Win32.ActiveCfg = Release|Win32
		{70CC2DA3-7642-42B0-99B3-968CA6CBA35C}.Release|Win32.Build.0 = Release|Win32
		{382A0042-267A-48A6-A7EF-8A745C7FA77F}.Debug|Win32.ActiveCfg = Debug|Win32
		{382A0042-267A-48A6-A7EF-8A745C7FA77F}.Debug|Win32.Build.0 = Debug|Win32
		{382A0042-267A-48A6-A7EF-8A745C7FA77F}.Release|Win32.ActiveCfg = Release|Win32
		{382A0042-267A-48A6-A7EF-8A745C7FA77F}.Release|Win32.Build.0 = Release|Win32
	EndGlobalSection
	GlobalSection(SolutionProperties) = preSolution
		HideSolutionNode = FALSE
	EndGlobalSection
EndGlobal
