
Microsoft Visual Studio Solution File, Format Version 12.00
# Visual Studio Express 2012 for Windows Desktop
Project("{8BC9CEB8-8B4A-11D0-8D11-00A0C91BC942}") = "Ex29_07", "Ex29_07\Ex29_07.vcxproj", "{1CE78B18-2315-4140-BF96-C325BCFE0BE7}"
EndProject
Project("{8BC9CEB8-8B4A-11D0-8D11-00A0C91BC942}") = "Ex29_02", "Ex29_02\Ex29_02.vcxproj", "{16E6AB36-0C4F-41B2-98AA-B12437BE957D}"
EndProject
Project("{8BC9CEB8-8B4A-11D0-8D11-00A0C91BC942}") = "Ex29_01", "Ex29_01\Ex29_01.vcxproj", "{7793E366-0ACF-45FC-97D0-D6A3DFB1D8FA}"
EndProject
Project("{8BC9CEB8-8B4A-11D0-8D11-00A0C91BC942}") = "Ex29_04", "Ex29_04\Ex29_04.vcxproj", "{186E370B-24F9-430F-9BC6-03C5A0B1E307}"
EndProject
Project("{8BC9CEB8-8B4A-11D0-8D11-00A0C91BC942}") = "Ex29_05-06", "Ex29_05-06\Ex29_05-06.vcxproj", "{7DC7C1AA-801F-49F6-93B8-D2AA0D3BF191}"
EndProject
Project("{8BC9CEB8-8B4A-11D0-8D11-00A0C91BC942}") = "Ex29_09", "Ex29_09\Ex29_09.vcxproj", "{E4D5D8FC-17E6-4DD6-800B-CC6A2BCEB455}"
EndProject
Project("{8BC9CEB8-8B4A-11D0-8D11-00A0C91BC942}") = "Ex29_08", "Ex29_08\Ex29_08.vcxproj", "{22E47C11-8030-410D-93EB-85C77CE5D966}"
EndProject
Project("{8BC9CEB8-8B4A-11D0-8D11-00A0C91BC942}") = "Ex29_03", "Ex29_03\Ex29_03.vcxproj", "{AD411765-A11F-4056-995E-E3E399FF4C6B}"
EndProject
Project("{8BC9CEB8-8B4A-11D0-8D11-00A0C91BC942}") = "Ex29_10", "Ex29_10\Ex29_10.vcxproj", "{BEDD7690-E779-4079-B959-2B5DD5AA2907}"
EndProject
Global
	GlobalSection(SolutionConfigurationPlatforms) = preSolution
		Debug|Win32 = Debug|Win32
		Release|Win32 = Release|Win32
	EndGlobalSection
	GlobalSection(ProjectConfigurationPlatforms) = postSolution
		{1CE78B18-2315-4140-BF96-C325BCFE0BE7}.Debug|Win32.ActiveCfg = Debug|Win32
		{1CE78B18-2315-4140-BF96-C325BCFE0BE7}.Debug|Win32.Build.0 = Debug|Win32
		{1CE78B18-2315-4140-BF96-C325BCFE0BE7}.Release|Win32.ActiveCfg = Release|Win32
		{1CE78B18-2315-4140-BF96-C325BCFE0BE7}.Release|Win32.Build.0 = Release|Win32
		{16E6AB36-0C4F-41B2-98AA-B12437BE957D}.Debug|Win32.ActiveCfg = Debug|Win32
		{16E6AB36-0C4F-41B2-98AA-B12437BE957D}.Debug|Win32.Build.0 = Debug|Win32
		{16E6AB36-0C4F-41B2-98AA-B12437BE957D}.Release|Win32.ActiveCfg = Release|Win32
		{16E6AB36-0C4F-41B2-98AA-B12437BE957D}.Release|Win32.Build.0 = Release|Win32
		{7793E366-0ACF-45FC-97D0-D6A3DFB1D8FA}.Debug|Win32.ActiveCfg = Debug|Win32
		{7793E366-0ACF-45FC-97D0-D6A3DFB1D8FA}.Debug|Win32.Build.0 = Debug|Win32
		{7793E366-0ACF-45FC-97D0-D6A3DFB1D8FA}.Release|Win32.ActiveCfg = Release|Win32
		{7793E366-0ACF-45FC-97D0-D6A3DFB1D8FA}.Release|Win32.Build.0 = Release|Win32
		{186E370B-24F9-430F-9BC6-03C5A0B1E307}.Debug|Win32.ActiveCfg = Debug|Win32
		{186E370B-24F9-430F-9BC6-03C5A0B1E307}.Debug|Win32.Build.0 = Debug|Win32
		{186E370B-24F9-430F-9BC6-03C5A0B1E307}.Release|Win32.ActiveCfg = Release|Win32
		{186E370B-24F9-430F-9BC6-03C5A0B1E307}.Release|Win32.Build.0 = Release|Win32
		{7DC7C1AA-801F-49F6-93B8-D2AA0D3BF191}.Debug|Win32.ActiveCfg = Debug|Win32
		{7DC7C1AA-801F-49F6-93B8-D2AA0D3BF191}.Debug|Win32.Build.0 = Debug|Win32
		{7DC7C1AA-801F-49F6-93B8-D2AA0D3BF191}.Release|Win32.ActiveCfg = Release|Win32
		{7DC7C1AA-801F-49F6-93B8-D2AA0D3BF191}.Release|Win32.Build.0 = Release|Win32
		{E4D5D8FC-17E6-4DD6-800B-CC6A2BCEB455}.Debug|Win32.ActiveCfg = Debug|Win32
		{E4D5D8FC-17E6-4DD6-800B-CC6A2BCEB455}.Debug|Win32.Build.0 = Debug|Win32
		{E4D5D8FC-17E6-4DD6-800B-CC6A2BCEB455}.Release|Win32.ActiveCfg = Release|Win32
		{E4D5D8FC-17E6-4DD6-800B-CC6A2BCEB455}.Release|Win32.Build.0 = Release|Win32
		{22E47C11-8030-410D-93EB-85C77CE5D966}.Debug|Win32.ActiveCfg = Debug|Win32
		{22E47C11-8030-410D-93EB-85C77CE5D966}.Debug|Win32.Build.0 = Debug|Win32
		{22E47C11-8030-410D-93EB-85C77CE5D966}.Release|Win32.ActiveCfg = Release|Win32
		{22E47C11-8030-410D-93EB-85C77CE5D966}.Release|Win32.Build.0 = Release|Win32
		{AD411765-A11F-4056-995E-E3E399FF4C6B}.Debug|Win32.ActiveCfg = Debug|Win32
		{AD411765-A11F-4056-995E-E3E399FF4C6B}.Debug|Win32.Build.0 = Debug|Win32
		{AD411765-A11F-4056-995E-E3E399FF4C6B}.Release|Win32.ActiveCfg = Release|Win32
		{AD411765-A11F-4056-995E-E3E399FF4C6B}.Release|Win32.Build.0 = Release|Win32
		{BEDD7690-E779-4079-B959-2B5DD5AA2907}.Debug|Win32.ActiveCfg = Debug|Win32
		{BEDD7690-E779-4079-B959-2B5DD5AA2907}.Debug|Win32.Build.0 = Debug|Win32
		{BEDD7690-E779-4079-B959-2B5DD5AA2907}.Release|Win32.ActiveCfg = Release|Win32
		{BEDD7690-E779-4079-B959-2B5DD5AA2907}.Release|Win32.Build.0 = Release|Win32
	EndGlobalSection
	GlobalSection(SolutionProperties) = preSolution
		HideSolutionNode = FALSE
	EndGlobalSection
EndGlobal
