
Microsoft Visual Studio Solution File, Format Version 12.00
# Visual Studio Express 2012 for Windows Desktop
Project("{8BC9CEB8-8B4A-11D0-8D11-00A0C91BC942}") = "Ex28_02", "Ex28_02\Ex28_02.vcxproj", "{23C4E0CB-4AF8-4E01-A70F-07A74C92A924}"
EndProject
Project("{8BC9CEB8-8B4A-11D0-8D11-00A0C91BC942}") = "Ex28_04_05", "Ex28_04_05\Ex28_04_05.vcxproj", "{C49B87B8-0123-4002-8EDB-A35B0B817D24}"
EndProject
Project("{8BC9CEB8-8B4A-11D0-8D11-00A0C91BC942}") = "Ex28_06_07_08", "Ex28_06_07_08\Ex28_06_07_08.vcxproj", "{D68617D3-7BE5-463D-BC54-234C676E09B2}"
EndProject
Project("{8BC9CEB8-8B4A-11D0-8D11-00A0C91BC942}") = "Ex28_09_10", "Ex28_09_10\Ex28_09_10.vcxproj", "{83C0C8C7-7220-44F9-ADAA-C13211C0DFC2}"
EndProject
Global
	GlobalSection(SolutionConfigurationPlatforms) = preSolution
		Debug|Win32 = Debug|Win32
		Release|Win32 = Release|Win32
	EndGlobalSection
	GlobalSection(ProjectConfigurationPlatforms) = postSolution
		{23C4E0CB-4AF8-4E01-A70F-07A74C92A924}.Debug|Win32.ActiveCfg = Debug|Win32
		{23C4E0CB-4AF8-4E01-A70F-07A74C92A924}.Debug|Win32.Build.0 = Debug|Win32
		{23C4E0CB-4AF8-4E01-A70F-07A74C92A924}.Release|Win32.ActiveCfg = Release|Win32
		{23C4E0CB-4AF8-4E01-A70F-07A74C92A924}.Release|Win32.Build.0 = Release|Win32
		{C49B87B8-0123-4002-8EDB-A35B0B817D24}.Debug|Win32.ActiveCfg = Debug|Win32
		{C49B87B8-0123-4002-8EDB-A35B0B817D24}.Debug|Win32.Build.0 = Debug|Win32
		{C49B87B8-0123-4002-8EDB-A35B0B817D24}.Release|Win32.ActiveCfg = Release|Win32
		{C49B87B8-0123-4002-8EDB-A35B0B817D24}.Release|Win32.Build.0 = Release|Win32
		{D68617D3-7BE5-463D-BC54-234C676E09B2}.Debug|Win32.ActiveCfg = Debug|Win32
		{D68617D3-7BE5-463D-BC54-234C676E09B2}.Debug|Win32.Build.0 = Debug|Win32
		{D68617D3-7BE5-463D-BC54-234C676E09B2}.Release|Win32.ActiveCfg = Release|Win32
		{D68617D3-7BE5-463D-BC54-234C676E09B2}.Release|Win32.Build.0 = Release|Win32
		{83C0C8C7-7220-44F9-ADAA-C13211C0DFC2}.Debug|Win32.ActiveCfg = Debug|Win32
		{83C0C8C7-7220-44F9-ADAA-C13211C0DFC2}.Debug|Win32.Build.0 = Debug|Win32
		{83C0C8C7-7220-44F9-ADAA-C13211C0DFC2}.Release|Win32.ActiveCfg = Release|Win32
		{83C0C8C7-7220-44F9-ADAA-C13211C0DFC2}.Release|Win32.Build.0 = Release|Win32
	EndGlobalSection
	GlobalSection(SolutionProperties) = preSolution
		HideSolutionNode = FALSE
	EndGlobalSection
EndGlobal
