
Microsoft Visual Studio Solution File, Format Version 12.00
# Visual Studio Express 2012 for Windows Desktop
Project("{8BC9CEB8-8B4A-11D0-8D11-00A0C91BC942}") = "Ex21_06", "Ex21_06\Ex21_06.vcxproj", "{98D78539-56DD-493D-B8CD-8918E91EEC95}"
EndProject
Project("{8BC9CEB8-8B4A-11D0-8D11-00A0C91BC942}") = "Ex21_07_08", "Ex21_07_08\Ex21_07_08.vcxproj", "{37946C9B-F75F-4BAE-88FE-10EFB740F722}"
EndProject
Project("{8BC9CEB8-8B4A-11D0-8D11-00A0C91BC942}") = "Ex21_09", "Ex21_09\Ex21_09.vcxproj", "{2D46829B-ED8C-40B5-A97D-1AE408E446A4}"
EndProject
Project("{8BC9CEB8-8B4A-11D0-8D11-00A0C91BC942}") = "Ex21_10", "Ex21_10\Ex21_10.vcxproj", "{924F3545-CBC5-4EB4-8FBF-BB36B576BF0E}"
EndProject
Project("{8BC9CEB8-8B4A-11D0-8D11-00A0C91BC942}") = "Ex21_11", "Ex21_11\Ex21_11.vcxproj", "{88A9A22D-7E5B-4F76-926F-8EF3AABBC546}"
EndProject
Project("{8BC9CEB8-8B4A-11D0-8D11-00A0C91BC942}") = "Ex21_12", "Ex21_12\Ex21_12.vcxproj", "{D96D8670-6937-486E-BDA6-E4D9531A1563}"
EndProject
Global
	GlobalSection(SolutionConfigurationPlatforms) = preSolution
		Debug|Win32 = Debug|Win32
		Release|Win32 = Release|Win32
	EndGlobalSection
	GlobalSection(ProjectConfigurationPlatforms) = postSolution
		{98D78539-56DD-493D-B8CD-8918E91EEC95}.Debug|Win32.ActiveCfg = Debug|Win32
		{98D78539-56DD-493D-B8CD-8918E91EEC95}.Debug|Win32.Build.0 = Debug|Win32
		{98D78539-56DD-493D-B8CD-8918E91EEC95}.Release|Win32.ActiveCfg = Release|Win32
		{98D78539-56DD-493D-B8CD-8918E91EEC95}.Release|Win32.Build.0 = Release|Win32
		{37946C9B-F75F-4BAE-88FE-10EFB740F722}.Debug|Win32.ActiveCfg = Debug|Win32
		{37946C9B-F75F-4BAE-88FE-10EFB740F722}.Debug|Win32.Build.0 = Debug|Win32
		{37946C9B-F75F-4BAE-88FE-10EFB740F722}.Release|Win32.ActiveCfg = Release|Win32
		{37946C9B-F75F-4BAE-88FE-10EFB740F722}.Release|Win32.Build.0 = Release|Win32
		{2D46829B-ED8C-40B5-A97D-1AE408E446A4}.Debug|Win32.ActiveCfg = Debug|Win32
		{2D46829B-ED8C-40B5-A97D-1AE408E446A4}.Debug|Win32.Build.0 = Debug|Win32
		{2D46829B-ED8C-40B5-A97D-1AE408E446A4}.Release|Win32.ActiveCfg = Release|Win32
		{2D46829B-ED8C-40B5-A97D-1AE408E446A4}.Release|Win32.Build.0 = Release|Win32
		{924F3545-CBC5-4EB4-8FBF-BB36B576BF0E}.Debug|Win32.ActiveCfg = Debug|Win32
		{924F3545-CBC5-4EB4-8FBF-BB36B576BF0E}.Debug|Win32.Build.0 = Debug|Win32
		{924F3545-CBC5-4EB4-8FBF-BB36B576BF0E}.Release|Win32.ActiveCfg = Release|Win32
		{924F3545-CBC5-4EB4-8FBF-BB36B576BF0E}.Release|Win32.Build.0 = Release|Win32
		{88A9A22D-7E5B-4F76-926F-8EF3AABBC546}.Debug|Win32.ActiveCfg = Debug|Win32
		{88A9A22D-7E5B-4F76-926F-8EF3AABBC546}.Debug|Win32.Build.0 = Debug|Win32
		{88A9A22D-7E5B-4F76-926F-8EF3AABBC546}.Release|Win32.ActiveCfg = Release|Win32
		{88A9A22D-7E5B-4F76-926F-8EF3AABBC546}.Release|Win32.Build.0 = Release|Win32
		{D96D8670-6937-486E-BDA6-E4D9531A1563}.Debug|Win32.ActiveCfg = Debug|Win32
		{D96D8670-6937-486E-BDA6-E4D9531A1563}.Debug|Win32.Build.0 = Debug|Win32
		{D96D8670-6937-486E-BDA6-E4D9531A1563}.Release|Win32.ActiveCfg = Release|Win32
		{D96D8670-6937-486E-BDA6-E4D9531A1563}.Release|Win32.Build.0 = Release|Win32
	EndGlobalSection
	GlobalSection(SolutionProperties) = preSolution
		HideSolutionNode = FALSE
	EndGlobalSection
EndGlobal
