
Microsoft Visual Studio Solution File, Format Version 12.00
# Visual Studio Express 2012 for Windows Desktop
Project("{8BC9CEB8-8B4A-11D0-8D11-00A0C91BC942}") = "Ex16_05", "Ex16_05\Ex16_05.vcxproj", "{24BAF588-9B37-4D9B-AEDF-B2EDC7C6A438}"
EndProject
Project("{8BC9CEB8-8B4A-11D0-8D11-00A0C91BC942}") = "Ex16_07", "Ex16_07\Ex16_07.vcxproj", "{9C493A45-6EA3-4E7F-973C-053F5C8252C8}"
EndProject
Project("{8BC9CEB8-8B4A-11D0-8D11-00A0C91BC942}") = "Ex16_10", "Ex16_10\Ex16_10.vcxproj", "{E10FDAC5-1C7C-4C3A-A2A7-A20EE9093D1F}"
EndProject
Project("{8BC9CEB8-8B4A-11D0-8D11-00A0C91BC942}") = "Ex16_11", "Ex16_11\Ex16_11.vcxproj", "{12C5F8EA-C55D-48E3-8520-2360C092349A}"
EndProject
Project("{8BC9CEB8-8B4A-11D0-8D11-00A0C91BC942}") = "Ex16_12", "Ex16_12\Ex16_12.vcxproj", "{F7B3FB12-7B1C-43C4-B263-0D11B9F30616}"
EndProject
Global
	GlobalSection(SolutionConfigurationPlatforms) = preSolution
		Debug|Win32 = Debug|Win32
		Release|Win32 = Release|Win32
	EndGlobalSection
	GlobalSection(ProjectConfigurationPlatforms) = postSolution
		{24BAF588-9B37-4D9B-AEDF-B2EDC7C6A438}.Debug|Win32.ActiveCfg = Debug|Win32
		{24BAF588-9B37-4D9B-AEDF-B2EDC7C6A438}.Debug|Win32.Build.0 = Debug|Win32
		{24BAF588-9B37-4D9B-AEDF-B2EDC7C6A438}.Release|Win32.ActiveCfg = Release|Win32
		{24BAF588-9B37-4D9B-AEDF-B2EDC7C6A438}.Release|Win32.Build.0 = Release|Win32
		{9C493A45-6EA3-4E7F-973C-053F5C8252C8}.Debug|Win32.ActiveCfg = Debug|Win32
		{9C493A45-6EA3-4E7F-973C-053F5C8252C8}.Debug|Win32.Build.0 = Debug|Win32
		{9C493A45-6EA3-4E7F-973C-053F5C8252C8}.Release|Win32.ActiveCfg = Release|Win32
		{9C493A45-6EA3-4E7F-973C-053F5C8252C8}.Release|Win32.Build.0 = Release|Win32
		{E10FDAC5-1C7C-4C3A-A2A7-A20EE9093D1F}.Debug|Win32.ActiveCfg = Debug|Win32
		{E10FDAC5-1C7C-4C3A-A2A7-A20EE9093D1F}.Debug|Win32.Build.0 = Debug|Win32
		{E10FDAC5-1C7C-4C3A-A2A7-A20EE9093D1F}.Release|Win32.ActiveCfg = Release|Win32
		{E10FDAC5-1C7C-4C3A-A2A7-A20EE9093D1F}.Release|Win32.Build.0 = Release|Win32
		{12C5F8EA-C55D-48E3-8520-2360C092349A}.Debug|Win32.ActiveCfg = Debug|Win32
		{12C5F8EA-C55D-48E3-8520-2360C092349A}.Debug|Win32.Build.0 = Debug|Win32
		{12C5F8EA-C55D-48E3-8520-2360C092349A}.Release|Win32.ActiveCfg = Release|Win32
		{12C5F8EA-C55D-48E3-8520-2360C092349A}.Release|Win32.Build.0 = Release|Win32
		{F7B3FB12-7B1C-43C4-B263-0D11B9F30616}.Debug|Win32.ActiveCfg = Debug|Win32
		{F7B3FB12-7B1C-43C4-B263-0D11B9F30616}.Debug|Win32.Build.0 = Debug|Win32
		{F7B3FB12-7B1C-43C4-B263-0D11B9F30616}.Release|Win32.ActiveCfg = Release|Win32
		{F7B3FB12-7B1C-43C4-B263-0D11B9F30616}.Release|Win32.Build.0 = Release|Win32
	EndGlobalSection
	GlobalSection(SolutionProperties) = preSolution
		HideSolutionNode = FALSE
	EndGlobalSection
EndGlobal
