
Microsoft Visual Studio Solution File, Format Version 12.00
# Visual Studio Express 2012 for Windows Desktop
Project("{8BC9CEB8-8B4A-11D0-8D11-00A0C91BC942}") = "Ex25_01_03", "Ex25_01_03\Ex25_01_03.vcxproj", "{4CB66DCB-3A92-4403-901A-11AA9DF9B314}"
EndProject
Project("{8BC9CEB8-8B4A-11D0-8D11-00A0C91BC942}") = "Ex25_04", "Ex25_04\Ex25_04.vcxproj", "{76C98B22-8522-4CFE-8633-E7C1B43BA542}"
EndProject
Project("{8BC9CEB8-8B4A-11D0-8D11-00A0C91BC942}") = "Ex25_05", "Ex25_05\Ex25_05.vcxproj", "{C3B2EEF2-E6F7-412F-B8AB-76C8773881EF}"
EndProject
Project("{8BC9CEB8-8B4A-11D0-8D11-00A0C91BC942}") = "Ex25_06", "Ex25_06\Ex25_06.vcxproj", "{54DFB8E4-C1DE-48DB-8889-629FF8CB998B}"
EndProject
Project("{8BC9CEB8-8B4A-11D0-8D11-00A0C91BC942}") = "Ex25_07", "Ex25_07\Ex25_07.vcxproj", "{4376CCEE-82EA-4785-93FA-307992EDF569}"
EndProject
Project("{8BC9CEB8-8B4A-11D0-8D11-00A0C91BC942}") = "Ex25_08", "Ex25_08\Ex25_08.vcxproj", "{39447C7B-E3B5-461D-B2D2-600087847ECC}"
EndProject
Project("{8BC9CEB8-8B4A-11D0-8D11-00A0C91BC942}") = "Ex25_09", "Ex25_09\Ex25_09.vcxproj", "{D4A9726E-EA61-42F5-B668-1B49D9C72FB4}"
EndProject
Project("{8BC9CEB8-8B4A-11D0-8D11-00A0C91BC942}") = "Ex25_10", "Ex25_10\Ex25_10.vcxproj", "{30D8A9C1-5C43-4E12-9398-244F686A33CE}"
EndProject
Global
	GlobalSection(SolutionConfigurationPlatforms) = preSolution
		Debug|Win32 = Debug|Win32
		Release|Win32 = Release|Win32
	EndGlobalSection
	GlobalSection(ProjectConfigurationPlatforms) = postSolution
		{4CB66DCB-3A92-4403-901A-11AA9DF9B314}.Debug|Win32.ActiveCfg = Debug|Win32
		{4CB66DCB-3A92-4403-901A-11AA9DF9B314}.Debug|Win32.Build.0 = Debug|Win32
		{4CB66DCB-3A92-4403-901A-11AA9DF9B314}.Release|Win32.ActiveCfg = Release|Win32
		{4CB66DCB-3A92-4403-901A-11AA9DF9B314}.Release|Win32.Build.0 = Release|Win32
		{76C98B22-8522-4CFE-8633-E7C1B43BA542}.Debug|Win32.ActiveCfg = Debug|Win32
		{76C98B22-8522-4CFE-8633-E7C1B43BA542}.Debug|Win32.Build.0 = Debug|Win32
		{76C98B22-8522-4CFE-8633-E7C1B43BA542}.Release|Win32.ActiveCfg = Release|Win32
		{76C98B22-8522-4CFE-8633-E7C1B43BA542}.Release|Win32.Build.0 = Release|Win32
		{C3B2EEF2-E6F7-412F-B8AB-76C8773881EF}.Debug|Win32.ActiveCfg = Debug|Win32
		{C3B2EEF2-E6F7-412F-B8AB-76C8773881EF}.Debug|Win32.Build.0 = Debug|Win32
		{C3B2EEF2-E6F7-412F-B8AB-76C8773881EF}.Release|Win32.ActiveCfg = Release|Win32
		{C3B2EEF2-E6F7-412F-B8AB-76C8773881EF}.Release|Win32.Build.0 = Release|Win32
		{54DFB8E4-C1DE-48DB-8889-629FF8CB998B}.Debug|Win32.ActiveCfg = Debug|Win32
		{54DFB8E4-C1DE-48DB-8889-629FF8CB998B}.Debug|Win32.Build.0 = Debug|Win32
		{54DFB8E4-C1DE-48DB-8889-629FF8CB998B}.Release|Win32.ActiveCfg = Release|Win32
		{54DFB8E4-C1DE-48DB-8889-629FF8CB998B}.Release|Win32.Build.0 = Release|Win32
		{4376CCEE-82EA-4785-93FA-307992EDF569}.Debug|Win32.ActiveCfg = Debug|Win32
		{4376CCEE-82EA-4785-93FA-307992EDF569}.Debug|Win32.Build.0 = Debug|Win32
		{4376CCEE-82EA-4785-93FA-307992EDF569}.Release|Win32.ActiveCfg = Release|Win32
		{4376CCEE-82EA-4785-93FA-307992EDF569}.Release|Win32.Build.0 = Release|Win32
		{39447C7B-E3B5-461D-B2D2-600087847ECC}.Debug|Win32.ActiveCfg = Debug|Win32
		{39447C7B-E3B5-461D-B2D2-600087847ECC}.Debug|Win32.Build.0 = Debug|Win32
		{39447C7B-E3B5-461D-B2D2-600087847ECC}.Release|Win32.ActiveCfg = Release|Win32
		{39447C7B-E3B5-461D-B2D2-600087847ECC}.Release|Win32.Build.0 = Release|Win32
		{D4A9726E-EA61-42F5-B668-1B49D9C72FB4}.Debug|Win32.ActiveCfg = Debug|Win32
		{D4A9726E-EA61-42F5-B668-1B49D9C72FB4}.Debug|Win32.Build.0 = Debug|Win32
		{D4A9726E-EA61-42F5-B668-1B49D9C72FB4}.Release|Win32.ActiveCfg = Release|Win32
		{D4A9726E-EA61-42F5-B668-1B49D9C72FB4}.Release|Win32.Build.0 = Release|Win32
		{30D8A9C1-5C43-4E12-9398-244F686A33CE}.Debug|Win32.ActiveCfg = Debug|Win32
		{30D8A9C1-5C43-4E12-9398-244F686A33CE}.Debug|Win32.Build.0 = Debug|Win32
		{30D8A9C1-5C43-4E12-9398-244F686A33CE}.Release|Win32.ActiveCfg = Release|Win32
		{30D8A9C1-5C43-4E12-9398-244F686A33CE}.Release|Win32.Build.0 = Release|Win32
	EndGlobalSection
	GlobalSection(SolutionProperties) = preSolution
		HideSolutionNode = FALSE
	EndGlobalSection
EndGlobal
