
Microsoft Visual Studio Solution File, Format Version 12.00
# Visual Studio Express 2012 for Windows Desktop
Project("{8BC9CEB8-8B4A-11D0-8D11-00A0C91BC942}") = "Ex11_01", "Ex11_01\Ex11_01.vcxproj", "{8C7CA5AD-1216-4EF2-A54B-9D62354E7269}"
EndProject
Project("{8BC9CEB8-8B4A-11D0-8D11-00A0C91BC942}") = "Ex11_05", "Ex11_05\Ex11_05.vcxproj", "{6C7DE8A5-13FE-4C66-995D-580746C68BB4}"
EndProject
Project("{8BC9CEB8-8B4A-11D0-8D11-00A0C91BC942}") = "Ex11_06", "Ex11_06\Ex11_06.vcxproj", "{63C0690C-BF41-42E6-8A33-7D838C6F7633}"
EndProject
Project("{8BC9CEB8-8B4A-11D0-8D11-00A0C91BC942}") = "Ex11_07", "Ex11_07\Ex11_07.vcxproj", "{EA75CF9D-AC83-461F-A71A-2337374D6C99}"
EndProject
Project("{8BC9CEB8-8B4A-11D0-8D11-00A0C91BC942}") = "Ex11_09", "Ex11_09\Ex11_09.vcxproj", "{04AAB699-2BE1-43F9-8BF1-A1D6A32DA836}"
EndProject
Project("{8BC9CEB8-8B4A-11D0-8D11-00A0C91BC942}") = "Ex11_10", "Ex11_10\Ex11_10.vcxproj", "{1C930267-52D8-408D-860D-2B7501544BEA}"
EndProject
Project("{8BC9CEB8-8B4A-11D0-8D11-00A0C91BC942}") = "Ex11_11", "Ex11_11\Ex11_11.vcxproj", "{2ED7E32B-599B-433A-B904-BA552E99976E}"
EndProject
Global
	GlobalSection(SolutionConfigurationPlatforms) = preSolution
		Debug|Win32 = Debug|Win32
		Release|Win32 = Release|Win32
	EndGlobalSection
	GlobalSection(ProjectConfigurationPlatforms) = postSolution
		{8C7CA5AD-1216-4EF2-A54B-9D62354E7269}.Debug|Win32.ActiveCfg = Debug|Win32
		{8C7CA5AD-1216-4EF2-A54B-9D62354E7269}.Debug|Win32.Build.0 = Debug|Win32
		{8C7CA5AD-1216-4EF2-A54B-9D62354E7269}.Release|Win32.ActiveCfg = Release|Win32
		{8C7CA5AD-1216-4EF2-A54B-9D62354E7269}.Release|Win32.Build.0 = Release|Win32
		{6C7DE8A5-13FE-4C66-995D-580746C68BB4}.Debug|Win32.ActiveCfg = Debug|Win32
		{6C7DE8A5-13FE-4C66-995D-580746C68BB4}.Debug|Win32.Build.0 = Debug|Win32
		{6C7DE8A5-13FE-4C66-995D-580746C68BB4}.Release|Win32.ActiveCfg = Release|Win32
		{6C7DE8A5-13FE-4C66-995D-580746C68BB4}.Release|Win32.Build.0 = Release|Win32
		{63C0690C-BF41-42E6-8A33-7D838C6F7633}.Debug|Win32.ActiveCfg = Debug|Win32
		{63C0690C-BF41-42E6-8A33-7D838C6F7633}.Debug|Win32.Build.0 = Debug|Win32
		{63C0690C-BF41-42E6-8A33-7D838C6F7633}.Release|Win32.ActiveCfg = Release|Win32
		{63C0690C-BF41-42E6-8A33-7D838C6F7633}.Release|Win32.Build.0 = Release|Win32
		{EA75CF9D-AC83-461F-A71A-2337374D6C99}.Debug|Win32.ActiveCfg = Debug|Win32
		{EA75CF9D-AC83-461F-A71A-2337374D6C99}.Debug|Win32.Build.0 = Debug|Win32
		{EA75CF9D-AC83-461F-A71A-2337374D6C99}.Release|Win32.ActiveCfg = Release|Win32
		{EA75CF9D-AC83-461F-A71A-2337374D6C99}.Release|Win32.Build.0 = Release|Win32
		{04AAB699-2BE1-43F9-8BF1-A1D6A32DA836}.Debug|Win32.ActiveCfg = Debug|Win32
		{04AAB699-2BE1-43F9-8BF1-A1D6A32DA836}.Debug|Win32.Build.0 = Debug|Win32
		{04AAB699-2BE1-43F9-8BF1-A1D6A32DA836}.Release|Win32.ActiveCfg = Release|Win32
		{04AAB699-2BE1-43F9-8BF1-A1D6A32DA836}.Release|Win32.Build.0 = Release|Win32
		{1C930267-52D8-408D-860D-2B7501544BEA}.Debug|Win32.ActiveCfg = Debug|Win32
		{1C930267-52D8-408D-860D-2B7501544BEA}.Debug|Win32.Build.0 = Debug|Win32
		{1C930267-52D8-408D-860D-2B7501544BEA}.Release|Win32.ActiveCfg = Release|Win32
		{1C930267-52D8-408D-860D-2B7501544BEA}.Release|Win32.Build.0 = Release|Win32
		{2ED7E32B-599B-433A-B904-BA552E99976E}.Debug|Win32.ActiveCfg = Debug|Win32
		{2ED7E32B-599B-433A-B904-BA552E99976E}.Debug|Win32.Build.0 = Debug|Win32
		{2ED7E32B-599B-433A-B904-BA552E99976E}.Release|Win32.ActiveCfg = Release|Win32
		{2ED7E32B-599B-433A-B904-BA552E99976E}.Release|Win32.Build.0 = Release|Win32
	EndGlobalSection
	GlobalSection(SolutionProperties) = preSolution
		HideSolutionNode = FALSE
	EndGlobalSection
EndGlobal
